// !$*UTF8*$!
{
	archiveVersion = 1;
	classes = {
	};
	objectVersion = 70;
	objects = {

/* Begin PBXBuildFile section */
		8001C25C2C5DC09200565EEA /* Flag.swift in Sources */ = {isa = PBXBuildFile; fileRef = 8001C25B2C5DC09200565EEA /* Flag.swift */; };
		8001C25E2C5DC87B00565EEA /* MultiSelect.swift in Sources */ = {isa = PBXBuildFile; fileRef = 8001C25D2C5DC87B00565EEA /* MultiSelect.swift */; };
		8002A0472C59D74C006018B1 /* TagList.swift in Sources */ = {isa = PBXBuildFile; fileRef = 8002A0462C59D74C006018B1 /* TagList.swift */; };
		805910DD2C2F41BF005780C1 /* UserSettings.swift in Sources */ = {isa = PBXBuildFile; fileRef = 805910DC2C2F41BF005780C1 /* UserSettings.swift */; };
		805910E12C2F4459005780C1 /* LoginResponse.swift in Sources */ = {isa = PBXBuildFile; fileRef = 805910E02C2F4459005780C1 /* LoginResponse.swift */; };
		805910E42C2F46C6005780C1 /* LoginSignUpApi.swift in Sources */ = {isa = PBXBuildFile; fileRef = 805910E32C2F46C6005780C1 /* LoginSignUpApi.swift */; };
		805910E82C2F4782005780C1 /* APIRequestStatus.swift in Sources */ = {isa = PBXBuildFile; fileRef = 805910E72C2F4782005780C1 /* APIRequestStatus.swift */; };
		805910EA2C2F5013005780C1 /* KeychainHelper.swift in Sources */ = {isa = PBXBuildFile; fileRef = 805910E92C2F5013005780C1 /* KeychainHelper.swift */; };
		805910EC2C2F5155005780C1 /* initializeSignInStatus.swift in Sources */ = {isa = PBXBuildFile; fileRef = 805910EB2C2F5155005780C1 /* initializeSignInStatus.swift */; };
		8071FA6E2C363D0300930AD4 /* DropdownMenu.swift in Sources */ = {isa = PBXBuildFile; fileRef = 8071FA6D2C363D0300930AD4 /* DropdownMenu.swift */; };
		80C368212C2F761C0023DC52 /* sendApiCall.swift in Sources */ = {isa = PBXBuildFile; fileRef = 80C368202C2F761C0023DC52 /* sendApiCall.swift */; };
		80C368242C2F7B970023DC52 /* NewTaskFAB.swift in Sources */ = {isa = PBXBuildFile; fileRef = 80C368232C2F7B970023DC52 /* NewTaskFAB.swift */; };
		80C368282C2F86B80023DC52 /* Lists.swift in Sources */ = {isa = PBXBuildFile; fileRef = 80C368272C2F86B80023DC52 /* Lists.swift */; };
		80C3682A2C2F871B0023DC52 /* Task.swift in Sources */ = {isa = PBXBuildFile; fileRef = 80C368292C2F871B0023DC52 /* Task.swift */; };
		80C531352C4F47A6008B0FAA /* CheckboxToggleStyle.swift in Sources */ = {isa = PBXBuildFile; fileRef = 80C531342C4F47A6008B0FAA /* CheckboxToggleStyle.swift */; };
		80C531372C4F4B64008B0FAA /* TaskItem.swift in Sources */ = {isa = PBXBuildFile; fileRef = 80C531362C4F4B64008B0FAA /* TaskItem.swift */; };
		80C706512C36F28C0092D6B4 /* formatDueDate.swift in Sources */ = {isa = PBXBuildFile; fileRef = 80C706502C36F28C0092D6B4 /* formatDueDate.swift */; };
		80C706532C37512B0092D6B4 /* groupTasks.swift in Sources */ = {isa = PBXBuildFile; fileRef = 80C706522C37512B0092D6B4 /* groupTasks.swift */; };
		80C706552C3751B80092D6B4 /* getDateKey.swift in Sources */ = {isa = PBXBuildFile; fileRef = 80C706542C3751B80092D6B4 /* getDateKey.swift */; };
		80CCF6992C34C22E00AB4483 /* TaskList.swift in Sources */ = {isa = PBXBuildFile; fileRef = 80CCF6982C34C22E00AB4483 /* TaskList.swift */; };
		80CCF69B2C34C46600AB4483 /* TaskTag.swift in Sources */ = {isa = PBXBuildFile; fileRef = 80CCF69A2C34C46600AB4483 /* TaskTag.swift */; };
		80CCF69D2C34C49A00AB4483 /* Tag.swift in Sources */ = {isa = PBXBuildFile; fileRef = 80CCF69C2C34C49A00AB4483 /* Tag.swift */; };
		80CCF69F2C34C5BE00AB4483 /* NavMenuItem.swift in Sources */ = {isa = PBXBuildFile; fileRef = 80CCF69E2C34C5BE00AB4483 /* NavMenuItem.swift */; };
		80CCF6A12C34C60200AB4483 /* SubViewRouter.swift in Sources */ = {isa = PBXBuildFile; fileRef = 80CCF6A02C34C60200AB4483 /* SubViewRouter.swift */; };
		80E4C6772BA732B700C17AC9 /* venomApp.swift in Sources */ = {isa = PBXBuildFile; fileRef = 80E4C6762BA732B700C17AC9 /* venomApp.swift */; };
		80E4C6792BA732B700C17AC9 /* AppEntryView.swift in Sources */ = {isa = PBXBuildFile; fileRef = 80E4C6782BA732B700C17AC9 /* AppEntryView.swift */; };
		80E4C67B2BA732B800C17AC9 /* Assets.xcassets in Resources */ = {isa = PBXBuildFile; fileRef = 80E4C67A2BA732B800C17AC9 /* Assets.xcassets */; };
		80E4C67F2BA732B800C17AC9 /* Preview Assets.xcassets in Resources */ = {isa = PBXBuildFile; fileRef = 80E4C67E2BA732B800C17AC9 /* Preview Assets.xcassets */; };
		80E4C6892BA732B800C17AC9 /* venomTests.swift in Sources */ = {isa = PBXBuildFile; fileRef = 80E4C6882BA732B800C17AC9 /* venomTests.swift */; };
		80E4C6932BA732B800C17AC9 /* venomUITests.swift in Sources */ = {isa = PBXBuildFile; fileRef = 80E4C6922BA732B800C17AC9 /* venomUITests.swift */; };
		80E4C6952BA732B800C17AC9 /* venomUITestsLaunchTests.swift in Sources */ = {isa = PBXBuildFile; fileRef = 80E4C6942BA732B800C17AC9 /* venomUITestsLaunchTests.swift */; };
		80E4C6A32BAA84AF00C17AC9 /* LoginSignUp.swift in Sources */ = {isa = PBXBuildFile; fileRef = 80E4C6A22BAA84AF00C17AC9 /* LoginSignUp.swift */; };
		80E4C6A62BABD8E300C17AC9 /* Constants.swift in Sources */ = {isa = PBXBuildFile; fileRef = 80E4C6A52BABD8E300C17AC9 /* Constants.swift */; };
/* End PBXBuildFile section */

/* Begin PBXContainerItemProxy section */
		80E4C6852BA732B800C17AC9 /* PBXContainerItemProxy */ = {
			isa = PBXContainerItemProxy;
			containerPortal = 80E4C66B2BA732B700C17AC9 /* Project object */;
			proxyType = 1;
			remoteGlobalIDString = 80E4C6722BA732B700C17AC9;
			remoteInfo = venom;
		};
		80E4C68F2BA732B800C17AC9 /* PBXContainerItemProxy */ = {
			isa = PBXContainerItemProxy;
			containerPortal = 80E4C66B2BA732B700C17AC9 /* Project object */;
			proxyType = 1;
			remoteGlobalIDString = 80E4C6722BA732B700C17AC9;
			remoteInfo = venom;
		};
/* End PBXContainerItemProxy section */

/* Begin PBXFileReference section */
		8001C25B2C5DC09200565EEA /* Flag.swift */ = {isa = PBXFileReference; lastKnownFileType = sourcecode.swift; path = Flag.swift; sourceTree = "<group>"; };
		8001C25D2C5DC87B00565EEA /* MultiSelect.swift */ = {isa = PBXFileReference; lastKnownFileType = sourcecode.swift; path = MultiSelect.swift; sourceTree = "<group>"; };
		8002A0462C59D74C006018B1 /* TagList.swift */ = {isa = PBXFileReference; lastKnownFileType = sourcecode.swift; path = TagList.swift; sourceTree = "<group>"; };
		802860092C460C5E00533AFF /* Info.plist */ = {isa = PBXFileReference; lastKnownFileType = text.plist; path = Info.plist; sourceTree = "<group>"; };
		805910DC2C2F41BF005780C1 /* UserSettings.swift */ = {isa = PBXFileReference; lastKnownFileType = sourcecode.swift; path = UserSettings.swift; sourceTree = "<group>"; };
		805910E02C2F4459005780C1 /* LoginResponse.swift */ = {isa = PBXFileReference; lastKnownFileType = sourcecode.swift; path = LoginResponse.swift; sourceTree = "<group>"; };
		805910E32C2F46C6005780C1 /* LoginSignUpApi.swift */ = {isa = PBXFileReference; lastKnownFileType = sourcecode.swift; path = LoginSignUpApi.swift; sourceTree = "<group>"; };
		805910E72C2F4782005780C1 /* APIRequestStatus.swift */ = {isa = PBXFileReference; lastKnownFileType = sourcecode.swift; path = APIRequestStatus.swift; sourceTree = "<group>"; };
		805910E92C2F5013005780C1 /* KeychainHelper.swift */ = {isa = PBXFileReference; lastKnownFileType = sourcecode.swift; path = KeychainHelper.swift; sourceTree = "<group>"; };
		805910EB2C2F5155005780C1 /* initializeSignInStatus.swift */ = {isa = PBXFileReference; lastKnownFileType = sourcecode.swift; path = initializeSignInStatus.swift; sourceTree = "<group>"; };
		8071FA6D2C363D0300930AD4 /* DropdownMenu.swift */ = {isa = PBXFileReference; lastKnownFileType = sourcecode.swift; path = DropdownMenu.swift; sourceTree = "<group>"; };
		80C368202C2F761C0023DC52 /* sendApiCall.swift */ = {isa = PBXFileReference; lastKnownFileType = sourcecode.swift; path = sendApiCall.swift; sourceTree = "<group>"; };
		80C368232C2F7B970023DC52 /* NewTaskFAB.swift */ = {isa = PBXFileReference; lastKnownFileType = sourcecode.swift; path = NewTaskFAB.swift; sourceTree = "<group>"; };
		80C368272C2F86B80023DC52 /* Lists.swift */ = {isa = PBXFileReference; lastKnownFileType = sourcecode.swift; path = Lists.swift; sourceTree = "<group>"; };
		80C368292C2F871B0023DC52 /* Task.swift */ = {isa = PBXFileReference; lastKnownFileType = sourcecode.swift; path = Task.swift; sourceTree = "<group>"; };
		80C531342C4F47A6008B0FAA /* CheckboxToggleStyle.swift */ = {isa = PBXFileReference; lastKnownFileType = sourcecode.swift; path = CheckboxToggleStyle.swift; sourceTree = "<group>"; };
		80C531362C4F4B64008B0FAA /* TaskItem.swift */ = {isa = PBXFileReference; lastKnownFileType = sourcecode.swift; path = TaskItem.swift; sourceTree = "<group>"; };
		80C706502C36F28C0092D6B4 /* formatDueDate.swift */ = {isa = PBXFileReference; lastKnownFileType = sourcecode.swift; path = formatDueDate.swift; sourceTree = "<group>"; };
		80C706522C37512B0092D6B4 /* groupTasks.swift */ = {isa = PBXFileReference; lastKnownFileType = sourcecode.swift; path = groupTasks.swift; sourceTree = "<group>"; };
		80C706542C3751B80092D6B4 /* getDateKey.swift */ = {isa = PBXFileReference; lastKnownFileType = sourcecode.swift; path = getDateKey.swift; sourceTree = "<group>"; };
		80CCF6982C34C22E00AB4483 /* TaskList.swift */ = {isa = PBXFileReference; lastKnownFileType = sourcecode.swift; path = TaskList.swift; sourceTree = "<group>"; };
		80CCF69A2C34C46600AB4483 /* TaskTag.swift */ = {isa = PBXFileReference; lastKnownFileType = sourcecode.swift; path = TaskTag.swift; sourceTree = "<group>"; };
		80CCF69C2C34C49A00AB4483 /* Tag.swift */ = {isa = PBXFileReference; lastKnownFileType = sourcecode.swift; path = Tag.swift; sourceTree = "<group>"; };
		80CCF69E2C34C5BE00AB4483 /* NavMenuItem.swift */ = {isa = PBXFileReference; lastKnownFileType = sourcecode.swift; path = NavMenuItem.swift; sourceTree = "<group>"; };
		80CCF6A02C34C60200AB4483 /* SubViewRouter.swift */ = {isa = PBXFileReference; lastKnownFileType = sourcecode.swift; path = SubViewRouter.swift; sourceTree = "<group>"; };
		80E4C6732BA732B700C17AC9 /* venom.app */ = {isa = PBXFileReference; explicitFileType = wrapper.application; includeInIndex = 0; path = venom.app; sourceTree = BUILT_PRODUCTS_DIR; };
		80E4C6762BA732B700C17AC9 /* venomApp.swift */ = {isa = PBXFileReference; lastKnownFileType = sourcecode.swift; path = venomApp.swift; sourceTree = "<group>"; };
		80E4C6782BA732B700C17AC9 /* AppEntryView.swift */ = {isa = PBXFileReference; lastKnownFileType = sourcecode.swift; path = AppEntryView.swift; sourceTree = "<group>"; };
		80E4C67A2BA732B800C17AC9 /* Assets.xcassets */ = {isa = PBXFileReference; lastKnownFileType = folder.assetcatalog; path = Assets.xcassets; sourceTree = "<group>"; };
		80E4C67C2BA732B800C17AC9 /* venom.entitlements */ = {isa = PBXFileReference; lastKnownFileType = text.plist.entitlements; path = venom.entitlements; sourceTree = "<group>"; };
		80E4C67E2BA732B800C17AC9 /* Preview Assets.xcassets */ = {isa = PBXFileReference; lastKnownFileType = folder.assetcatalog; path = "Preview Assets.xcassets"; sourceTree = "<group>"; };
		80E4C6842BA732B800C17AC9 /* venomTests.xctest */ = {isa = PBXFileReference; explicitFileType = wrapper.cfbundle; includeInIndex = 0; path = venomTests.xctest; sourceTree = BUILT_PRODUCTS_DIR; };
		80E4C6882BA732B800C17AC9 /* venomTests.swift */ = {isa = PBXFileReference; lastKnownFileType = sourcecode.swift; path = venomTests.swift; sourceTree = "<group>"; };
		80E4C68E2BA732B800C17AC9 /* venomUITests.xctest */ = {isa = PBXFileReference; explicitFileType = wrapper.cfbundle; includeInIndex = 0; path = venomUITests.xctest; sourceTree = BUILT_PRODUCTS_DIR; };
		80E4C6922BA732B800C17AC9 /* venomUITests.swift */ = {isa = PBXFileReference; lastKnownFileType = sourcecode.swift; path = venomUITests.swift; sourceTree = "<group>"; };
		80E4C6942BA732B800C17AC9 /* venomUITestsLaunchTests.swift */ = {isa = PBXFileReference; lastKnownFileType = sourcecode.swift; path = venomUITestsLaunchTests.swift; sourceTree = "<group>"; };
		80E4C6A22BAA84AF00C17AC9 /* LoginSignUp.swift */ = {isa = PBXFileReference; lastKnownFileType = sourcecode.swift; path = LoginSignUp.swift; sourceTree = "<group>"; };
		80E4C6A52BABD8E300C17AC9 /* Constants.swift */ = {isa = PBXFileReference; lastKnownFileType = sourcecode.swift; path = Constants.swift; sourceTree = "<group>"; };
/* End PBXFileReference section */

/* Begin PBXFileSystemSynchronizedRootGroup section */
		80903FF42D06469900E79027 /* Modals */ = {isa = PBXFileSystemSynchronizedRootGroup; explicitFileTypes = {}; explicitFolders = (); path = Modals; sourceTree = "<group>"; };
/* End PBXFileSystemSynchronizedRootGroup section */

/* Begin PBXFrameworksBuildPhase section */
		80E4C6702BA732B700C17AC9 /* Frameworks */ = {
			isa = PBXFrameworksBuildPhase;
			buildActionMask = 2147483647;
			files = (
			);
			runOnlyForDeploymentPostprocessing = 0;
		};
		80E4C6812BA732B800C17AC9 /* Frameworks */ = {
			isa = PBXFrameworksBuildPhase;
			buildActionMask = 2147483647;
			files = (
			);
			runOnlyForDeploymentPostprocessing = 0;
		};
		80E4C68B2BA732B800C17AC9 /* Frameworks */ = {
			isa = PBXFrameworksBuildPhase;
			buildActionMask = 2147483647;
			files = (
			);
			runOnlyForDeploymentPostprocessing = 0;
		};
/* End PBXFrameworksBuildPhase section */

/* Begin PBXGroup section */
		805910DB2C2F4152005780C1 /* classes */ = {
			isa = PBXGroup;
			children = (
				805910E22C2F46B3005780C1 /* api */,
				805910DC2C2F41BF005780C1 /* UserSettings.swift */,
				805910E02C2F4459005780C1 /* LoginResponse.swift */,
				805910E72C2F4782005780C1 /* APIRequestStatus.swift */,
				805910E92C2F5013005780C1 /* KeychainHelper.swift */,
				80CCF69E2C34C5BE00AB4483 /* NavMenuItem.swift */,
			);
			path = classes;
			sourceTree = "<group>";
		};
		805910E22C2F46B3005780C1 /* api */ = {
			isa = PBXGroup;
			children = (
				805910E32C2F46C6005780C1 /* LoginSignUpApi.swift */,
				80C368202C2F761C0023DC52 /* sendApiCall.swift */,
				80C368272C2F86B80023DC52 /* Lists.swift */,
				80C368292C2F871B0023DC52 /* Task.swift */,
				80CCF69A2C34C46600AB4483 /* TaskTag.swift */,
				80CCF69C2C34C49A00AB4483 /* Tag.swift */,
			);
			path = api;
			sourceTree = "<group>";
		};
		80C368222C2F7B890023DC52 /* components */ = {
			isa = PBXGroup;
			children = (
				80903FF42D06469900E79027 /* Modals */,
				80C368232C2F7B970023DC52 /* NewTaskFAB.swift */,
				80CCF6982C34C22E00AB4483 /* TaskList.swift */,
				80CCF6A02C34C60200AB4483 /* SubViewRouter.swift */,
				8071FA6D2C363D0300930AD4 /* DropdownMenu.swift */,
				80C531342C4F47A6008B0FAA /* CheckboxToggleStyle.swift */,
				80C531362C4F4B64008B0FAA /* TaskItem.swift */,
				8002A0462C59D74C006018B1 /* TagList.swift */,
				8001C25B2C5DC09200565EEA /* Flag.swift */,
				8001C25D2C5DC87B00565EEA /* MultiSelect.swift */,
			);
			path = components;
			sourceTree = "<group>";
		};
		80E4C66A2BA732B700C17AC9 = {
			isa = PBXGroup;
			children = (
				80E4C6752BA732B700C17AC9 /* venom */,
				80E4C6872BA732B800C17AC9 /* venomTests */,
				80E4C6912BA732B800C17AC9 /* venomUITests */,
				80E4C6742BA732B700C17AC9 /* Products */,
			);
			sourceTree = "<group>";
		};
		80E4C6742BA732B700C17AC9 /* Products */ = {
			isa = PBXGroup;
			children = (
				80E4C6732BA732B700C17AC9 /* venom.app */,
				80E4C6842BA732B800C17AC9 /* venomTests.xctest */,
				80E4C68E2BA732B800C17AC9 /* venomUITests.xctest */,
			);
			name = Products;
			sourceTree = "<group>";
		};
		80E4C6752BA732B700C17AC9 /* venom */ = {
			isa = PBXGroup;
			children = (
				802860092C460C5E00533AFF /* Info.plist */,
				80C368222C2F7B890023DC52 /* components */,
				805910DB2C2F4152005780C1 /* classes */,
				80E4C6A42BABD8CF00C17AC9 /* lib */,
				80E4C6A12BAA849400C17AC9 /* Login */,
				80E4C6762BA732B700C17AC9 /* venomApp.swift */,
				80E4C6782BA732B700C17AC9 /* AppEntryView.swift */,
				80E4C67A2BA732B800C17AC9 /* Assets.xcassets */,
				80E4C67C2BA732B800C17AC9 /* venom.entitlements */,
				80E4C67D2BA732B800C17AC9 /* Preview Content */,
			);
			path = venom;
			sourceTree = "<group>";
		};
		80E4C67D2BA732B800C17AC9 /* Preview Content */ = {
			isa = PBXGroup;
			children = (
				80E4C67E2BA732B800C17AC9 /* Preview Assets.xcassets */,
			);
			path = "Preview Content";
			sourceTree = "<group>";
		};
		80E4C6872BA732B800C17AC9 /* venomTests */ = {
			isa = PBXGroup;
			children = (
				80E4C6882BA732B800C17AC9 /* venomTests.swift */,
			);
			path = venomTests;
			sourceTree = "<group>";
		};
		80E4C6912BA732B800C17AC9 /* venomUITests */ = {
			isa = PBXGroup;
			children = (
				80E4C6922BA732B800C17AC9 /* venomUITests.swift */,
				80E4C6942BA732B800C17AC9 /* venomUITestsLaunchTests.swift */,
			);
			path = venomUITests;
			sourceTree = "<group>";
		};
		80E4C6A12BAA849400C17AC9 /* Login */ = {
			isa = PBXGroup;
			children = (
				80E4C6A22BAA84AF00C17AC9 /* LoginSignUp.swift */,
			);
			path = Login;
			sourceTree = "<group>";
		};
		80E4C6A42BABD8CF00C17AC9 /* lib */ = {
			isa = PBXGroup;
			children = (
				80E4C6A52BABD8E300C17AC9 /* Constants.swift */,
				805910EB2C2F5155005780C1 /* initializeSignInStatus.swift */,
				80C706502C36F28C0092D6B4 /* formatDueDate.swift */,
				80C706522C37512B0092D6B4 /* groupTasks.swift */,
				80C706542C3751B80092D6B4 /* getDateKey.swift */,
			);
			path = lib;
			sourceTree = "<group>";
		};
/* End PBXGroup section */

/* Begin PBXNativeTarget section */
		80E4C6722BA732B700C17AC9 /* venom */ = {
			isa = PBXNativeTarget;
			buildConfigurationList = 80E4C6982BA732B800C17AC9 /* Build configuration list for PBXNativeTarget "venom" */;
			buildPhases = (
				80E4C66F2BA732B700C17AC9 /* Sources */,
				80E4C6702BA732B700C17AC9 /* Frameworks */,
				80E4C6712BA732B700C17AC9 /* Resources */,
			);
			buildRules = (
			);
			dependencies = (
			);
			fileSystemSynchronizedGroups = (
				80903FF42D06469900E79027 /* Modals */,
			);
			name = venom;
			productName = venom;
			productReference = 80E4C6732BA732B700C17AC9 /* venom.app */;
			productType = "com.apple.product-type.application";
		};
		80E4C6832BA732B800C17AC9 /* venomTests */ = {
			isa = PBXNativeTarget;
			buildConfigurationList = 80E4C69B2BA732B800C17AC9 /* Build configuration list for PBXNativeTarget "venomTests" */;
			buildPhases = (
				80E4C6802BA732B800C17AC9 /* Sources */,
				80E4C6812BA732B800C17AC9 /* Frameworks */,
				80E4C6822BA732B800C17AC9 /* Resources */,
			);
			buildRules = (
			);
			dependencies = (
				80E4C6862BA732B800C17AC9 /* PBXTargetDependency */,
			);
			name = venomTests;
			productName = venomTests;
			productReference = 80E4C6842BA732B800C17AC9 /* venomTests.xctest */;
			productType = "com.apple.product-type.bundle.unit-test";
		};
		80E4C68D2BA732B800C17AC9 /* venomUITests */ = {
			isa = PBXNativeTarget;
			buildConfigurationList = 80E4C69E2BA732B800C17AC9 /* Build configuration list for PBXNativeTarget "venomUITests" */;
			buildPhases = (
				80E4C68A2BA732B800C17AC9 /* Sources */,
				80E4C68B2BA732B800C17AC9 /* Frameworks */,
				80E4C68C2BA732B800C17AC9 /* Resources */,
			);
			buildRules = (
			);
			dependencies = (
				80E4C6902BA732B800C17AC9 /* PBXTargetDependency */,
			);
			name = venomUITests;
			productName = venomUITests;
			productReference = 80E4C68E2BA732B800C17AC9 /* venomUITests.xctest */;
			productType = "com.apple.product-type.bundle.ui-testing";
		};
/* End PBXNativeTarget section */

/* Begin PBXProject section */
		80E4C66B2BA732B700C17AC9 /* Project object */ = {
			isa = PBXProject;
			attributes = {
				BuildIndependentTargetsInParallel = 1;
				LastSwiftUpdateCheck = 1530;
				LastUpgradeCheck = 1600;
				TargetAttributes = {
					80E4C6722BA732B700C17AC9 = {
						CreatedOnToolsVersion = 15.3;
					};
					80E4C6832BA732B800C17AC9 = {
						CreatedOnToolsVersion = 15.3;
						TestTargetID = 80E4C6722BA732B700C17AC9;
					};
					80E4C68D2BA732B800C17AC9 = {
						CreatedOnToolsVersion = 15.3;
						TestTargetID = 80E4C6722BA732B700C17AC9;
					};
				};
			};
			buildConfigurationList = 80E4C66E2BA732B700C17AC9 /* Build configuration list for PBXProject "venom" */;
			compatibilityVersion = "Xcode 14.0";
			developmentRegion = en;
			hasScannedForEncodings = 0;
			knownRegions = (
				en,
				Base,
			);
			mainGroup = 80E4C66A2BA732B700C17AC9;
			productRefGroup = 80E4C6742BA732B700C17AC9 /* Products */;
			projectDirPath = "";
			projectRoot = "";
			targets = (
				80E4C6722BA732B700C17AC9 /* venom */,
				80E4C6832BA732B800C17AC9 /* venomTests */,
				80E4C68D2BA732B800C17AC9 /* venomUITests */,
			);
		};
/* End PBXProject section */

/* Begin PBXResourcesBuildPhase section */
		80E4C6712BA732B700C17AC9 /* Resources */ = {
			isa = PBXResourcesBuildPhase;
			buildActionMask = 2147483647;
			files = (
				80E4C67F2BA732B800C17AC9 /* Preview Assets.xcassets in Resources */,
				80E4C67B2BA732B800C17AC9 /* Assets.xcassets in Resources */,
			);
			runOnlyForDeploymentPostprocessing = 0;
		};
		80E4C6822BA732B800C17AC9 /* Resources */ = {
			isa = PBXResourcesBuildPhase;
			buildActionMask = 2147483647;
			files = (
			);
			runOnlyForDeploymentPostprocessing = 0;
		};
		80E4C68C2BA732B800C17AC9 /* Resources */ = {
			isa = PBXResourcesBuildPhase;
			buildActionMask = 2147483647;
			files = (
			);
			runOnlyForDeploymentPostprocessing = 0;
		};
/* End PBXResourcesBuildPhase section */

/* Begin PBXSourcesBuildPhase section */
		80E4C66F2BA732B700C17AC9 /* Sources */ = {
			isa = PBXSourcesBuildPhase;
			buildActionMask = 2147483647;
			files = (
				80C531352C4F47A6008B0FAA /* CheckboxToggleStyle.swift in Sources */,
				80CCF69D2C34C49A00AB4483 /* Tag.swift in Sources */,
				805910E42C2F46C6005780C1 /* LoginSignUpApi.swift in Sources */,
				80C531372C4F4B64008B0FAA /* TaskItem.swift in Sources */,
				80C368242C2F7B970023DC52 /* NewTaskFAB.swift in Sources */,
				805910EC2C2F5155005780C1 /* initializeSignInStatus.swift in Sources */,
				80E4C6792BA732B700C17AC9 /* AppEntryView.swift in Sources */,
				8002A0472C59D74C006018B1 /* TagList.swift in Sources */,
				80CCF6A12C34C60200AB4483 /* SubViewRouter.swift in Sources */,
				80E4C6772BA732B700C17AC9 /* venomApp.swift in Sources */,
				80C368282C2F86B80023DC52 /* Lists.swift in Sources */,
				8001C25C2C5DC09200565EEA /* Flag.swift in Sources */,
				80C706512C36F28C0092D6B4 /* formatDueDate.swift in Sources */,
				80C706552C3751B80092D6B4 /* getDateKey.swift in Sources */,
				80CCF6992C34C22E00AB4483 /* TaskList.swift in Sources */,
				80CCF69B2C34C46600AB4483 /* TaskTag.swift in Sources */,
				80C368212C2F761C0023DC52 /* sendApiCall.swift in Sources */,
				80C706532C37512B0092D6B4 /* groupTasks.swift in Sources */,
				805910EA2C2F5013005780C1 /* KeychainHelper.swift in Sources */,
				80E4C6A32BAA84AF00C17AC9 /* LoginSignUp.swift in Sources */,
				805910E82C2F4782005780C1 /* APIRequestStatus.swift in Sources */,
				805910DD2C2F41BF005780C1 /* UserSettings.swift in Sources */,
				80E4C6A62BABD8E300C17AC9 /* Constants.swift in Sources */,
				80CCF69F2C34C5BE00AB4483 /* NavMenuItem.swift in Sources */,
				80C3682A2C2F871B0023DC52 /* Task.swift in Sources */,
				805910E12C2F4459005780C1 /* LoginResponse.swift in Sources */,
				8071FA6E2C363D0300930AD4 /* DropdownMenu.swift in Sources */,
				8001C25E2C5DC87B00565EEA /* MultiSelect.swift in Sources */,
			);
			runOnlyForDeploymentPostprocessing = 0;
		};
		80E4C6802BA732B800C17AC9 /* Sources */ = {
			isa = PBXSourcesBuildPhase;
			buildActionMask = 2147483647;
			files = (
				80E4C6892BA732B800C17AC9 /* venomTests.swift in Sources */,
			);
			runOnlyForDeploymentPostprocessing = 0;
		};
		80E4C68A2BA732B800C17AC9 /* Sources */ = {
			isa = PBXSourcesBuildPhase;
			buildActionMask = 2147483647;
			files = (
				80E4C6952BA732B800C17AC9 /* venomUITestsLaunchTests.swift in Sources */,
				80E4C6932BA732B800C17AC9 /* venomUITests.swift in Sources */,
			);
			runOnlyForDeploymentPostprocessing = 0;
		};
/* End PBXSourcesBuildPhase section */

/* Begin PBXTargetDependency section */
		80E4C6862BA732B800C17AC9 /* PBXTargetDependency */ = {
			isa = PBXTargetDependency;
			target = 80E4C6722BA732B700C17AC9 /* venom */;
			targetProxy = 80E4C6852BA732B800C17AC9 /* PBXContainerItemProxy */;
		};
		80E4C6902BA732B800C17AC9 /* PBXTargetDependency */ = {
			isa = PBXTargetDependency;
			target = 80E4C6722BA732B700C17AC9 /* venom */;
			targetProxy = 80E4C68F2BA732B800C17AC9 /* PBXContainerItemProxy */;
		};
/* End PBXTargetDependency section */

/* Begin XCBuildConfiguration section */
		80E4C6962BA732B800C17AC9 /* Debug */ = {
			isa = XCBuildConfiguration;
			buildSettings = {
				ALWAYS_SEARCH_USER_PATHS = NO;
				ASSETCATALOG_COMPILER_GENERATE_SWIFT_ASSET_SYMBOL_EXTENSIONS = YES;
				CLANG_ANALYZER_NONNULL = YES;
				CLANG_ANALYZER_NUMBER_OBJECT_CONVERSION = YES_AGGRESSIVE;
				CLANG_CXX_LANGUAGE_STANDARD = "gnu++20";
				CLANG_ENABLE_MODULES = YES;
				CLANG_ENABLE_OBJC_ARC = YES;
				CLANG_ENABLE_OBJC_WEAK = YES;
				CLANG_WARN_BLOCK_CAPTURE_AUTORELEASING = YES;
				CLANG_WARN_BOOL_CONVERSION = YES;
				CLANG_WARN_COMMA = YES;
				CLANG_WARN_CONSTANT_CONVERSION = YES;
				CLANG_WARN_DEPRECATED_OBJC_IMPLEMENTATIONS = YES;
				CLANG_WARN_DIRECT_OBJC_ISA_USAGE = YES_ERROR;
				CLANG_WARN_DOCUMENTATION_COMMENTS = YES;
				CLANG_WARN_EMPTY_BODY = YES;
				CLANG_WARN_ENUM_CONVERSION = YES;
				CLANG_WARN_INFINITE_RECURSION = YES;
				CLANG_WARN_INT_CONVERSION = YES;
				CLANG_WARN_NON_LITERAL_NULL_CONVERSION = YES;
				CLANG_WARN_OBJC_IMPLICIT_RETAIN_SELF = YES;
				CLANG_WARN_OBJC_LITERAL_CONVERSION = YES;
				CLANG_WARN_OBJC_ROOT_CLASS = YES_ERROR;
				CLANG_WARN_QUOTED_INCLUDE_IN_FRAMEWORK_HEADER = YES;
				CLANG_WARN_RANGE_LOOP_ANALYSIS = YES;
				CLANG_WARN_STRICT_PROTOTYPES = YES;
				CLANG_WARN_SUSPICIOUS_MOVE = YES;
				CLANG_WARN_UNGUARDED_AVAILABILITY = YES_AGGRESSIVE;
				CLANG_WARN_UNREACHABLE_CODE = YES;
				CLANG_WARN__DUPLICATE_METHOD_MATCH = YES;
				COPY_PHASE_STRIP = NO;
				DEAD_CODE_STRIPPING = YES;
				DEBUG_INFORMATION_FORMAT = dwarf;
				ENABLE_STRICT_OBJC_MSGSEND = YES;
				ENABLE_TESTABILITY = YES;
				ENABLE_USER_SCRIPT_SANDBOXING = YES;
				GCC_C_LANGUAGE_STANDARD = gnu17;
				GCC_DYNAMIC_NO_PIC = NO;
				GCC_NO_COMMON_BLOCKS = YES;
				GCC_OPTIMIZATION_LEVEL = 0;
				GCC_PREPROCESSOR_DEFINITIONS = (
					"DEBUG=1",
					"$(inherited)",
				);
				GCC_WARN_64_TO_32_BIT_CONVERSION = YES;
				GCC_WARN_ABOUT_RETURN_TYPE = YES_ERROR;
				GCC_WARN_UNDECLARED_SELECTOR = YES;
				GCC_WARN_UNINITIALIZED_AUTOS = YES_AGGRESSIVE;
				GCC_WARN_UNUSED_FUNCTION = YES;
				GCC_WARN_UNUSED_VARIABLE = YES;
				LOCALIZATION_PREFERS_STRING_CATALOGS = YES;
				MTL_ENABLE_DEBUG_INFO = INCLUDE_SOURCE;
				MTL_FAST_MATH = YES;
				ONLY_ACTIVE_ARCH = YES;
				SWIFT_ACTIVE_COMPILATION_CONDITIONS = "DEBUG $(inherited)";
				SWIFT_OPTIMIZATION_LEVEL = "-Onone";
			};
			name = Debug;
		};
		80E4C6972BA732B800C17AC9 /* Release */ = {
			isa = XCBuildConfiguration;
			buildSettings = {
				ALWAYS_SEARCH_USER_PATHS = NO;
				ASSETCATALOG_COMPILER_GENERATE_SWIFT_ASSET_SYMBOL_EXTENSIONS = YES;
				CLANG_ANALYZER_NONNULL = YES;
				CLANG_ANALYZER_NUMBER_OBJECT_CONVERSION = YES_AGGRESSIVE;
				CLANG_CXX_LANGUAGE_STANDARD = "gnu++20";
				CLANG_ENABLE_MODULES = YES;
				CLANG_ENABLE_OBJC_ARC = YES;
				CLANG_ENABLE_OBJC_WEAK = YES;
				CLANG_WARN_BLOCK_CAPTURE_AUTORELEASING = YES;
				CLANG_WARN_BOOL_CONVERSION = YES;
				CLANG_WARN_COMMA = YES;
				CLANG_WARN_CONSTANT_CONVERSION = YES;
				CLANG_WARN_DEPRECATED_OBJC_IMPLEMENTATIONS = YES;
				CLANG_WARN_DIRECT_OBJC_ISA_USAGE = YES_ERROR;
				CLANG_WARN_DOCUMENTATION_COMMENTS = YES;
				CLANG_WARN_EMPTY_BODY = YES;
				CLANG_WARN_ENUM_CONVERSION = YES;
				CLANG_WARN_INFINITE_RECURSION = YES;
				CLANG_WARN_INT_CONVERSION = YES;
				CLANG_WARN_NON_LITERAL_NULL_CONVERSION = YES;
				CLANG_WARN_OBJC_IMPLICIT_RETAIN_SELF = YES;
				CLANG_WARN_OBJC_LITERAL_CONVERSION = YES;
				CLANG_WARN_OBJC_ROOT_CLASS = YES_ERROR;
				CLANG_WARN_QUOTED_INCLUDE_IN_FRAMEWORK_HEADER = YES;
				CLANG_WARN_RANGE_LOOP_ANALYSIS = YES;
				CLANG_WARN_STRICT_PROTOTYPES = YES;
				CLANG_WARN_SUSPICIOUS_MOVE = YES;
				CLANG_WARN_UNGUARDED_AVAILABILITY = YES_AGGRESSIVE;
				CLANG_WARN_UNREACHABLE_CODE = YES;
				CLANG_WARN__DUPLICATE_METHOD_MATCH = YES;
				COPY_PHASE_STRIP = NO;
				DEAD_CODE_STRIPPING = YES;
				DEBUG_INFORMATION_FORMAT = "dwarf-with-dsym";
				ENABLE_NS_ASSERTIONS = NO;
				ENABLE_STRICT_OBJC_MSGSEND = YES;
				ENABLE_USER_SCRIPT_SANDBOXING = YES;
				GCC_C_LANGUAGE_STANDARD = gnu17;
				GCC_NO_COMMON_BLOCKS = YES;
				GCC_WARN_64_TO_32_BIT_CONVERSION = YES;
				GCC_WARN_ABOUT_RETURN_TYPE = YES_ERROR;
				GCC_WARN_UNDECLARED_SELECTOR = YES;
				GCC_WARN_UNINITIALIZED_AUTOS = YES_AGGRESSIVE;
				GCC_WARN_UNUSED_FUNCTION = YES;
				GCC_WARN_UNUSED_VARIABLE = YES;
				LOCALIZATION_PREFERS_STRING_CATALOGS = YES;
				MTL_ENABLE_DEBUG_INFO = NO;
				MTL_FAST_MATH = YES;
				SWIFT_COMPILATION_MODE = wholemodule;
			};
			name = Release;
		};
		80E4C6992BA732B800C17AC9 /* Debug */ = {
			isa = XCBuildConfiguration;
			buildSettings = {
				ASSETCATALOG_COMPILER_APPICON_NAME = AppIcon;
				ASSETCATALOG_COMPILER_GLOBAL_ACCENT_COLOR_NAME = AccentColor;
				CODE_SIGN_ENTITLEMENTS = venom/venom.entitlements;
				"CODE_SIGN_IDENTITY[sdk=macosx*]" = "-";
				CODE_SIGN_STYLE = Automatic;
				CURRENT_PROJECT_VERSION = 1;
				DEAD_CODE_STRIPPING = YES;
				DEVELOPMENT_ASSET_PATHS = "\"venom/Preview Content\"";
				DEVELOPMENT_TEAM = 77M8WSAQJZ;
				ENABLE_PREVIEWS = YES;
				GENERATE_INFOPLIST_FILE = YES;
				INFOPLIST_FILE = venom/Info.plist;
				"INFOPLIST_KEY_UIApplicationSceneManifest_Generation[sdk=iphoneos*]" = YES;
				"INFOPLIST_KEY_UIApplicationSceneManifest_Generation[sdk=iphonesimulator*]" = YES;
				"INFOPLIST_KEY_UIApplicationSupportsIndirectInputEvents[sdk=iphoneos*]" = YES;
				"INFOPLIST_KEY_UIApplicationSupportsIndirectInputEvents[sdk=iphonesimulator*]" = YES;
				"INFOPLIST_KEY_UILaunchScreen_Generation[sdk=iphoneos*]" = YES;
				"INFOPLIST_KEY_UILaunchScreen_Generation[sdk=iphonesimulator*]" = YES;
				"INFOPLIST_KEY_UIStatusBarStyle[sdk=iphoneos*]" = UIStatusBarStyleDefault;
				"INFOPLIST_KEY_UIStatusBarStyle[sdk=iphonesimulator*]" = UIStatusBarStyleDefault;
				INFOPLIST_KEY_UISupportedInterfaceOrientations_iPad = "UIInterfaceOrientationPortrait UIInterfaceOrientationPortraitUpsideDown UIInterfaceOrientationLandscapeLeft UIInterfaceOrientationLandscapeRight";
				INFOPLIST_KEY_UISupportedInterfaceOrientations_iPhone = UIInterfaceOrientationPortrait;
				IPHONEOS_DEPLOYMENT_TARGET = 17.4;
				LD_RUNPATH_SEARCH_PATHS = "@executable_path/Frameworks";
				MARKETING_VERSION = 1.0;
				PRODUCT_BUNDLE_IDENTIFIER = MStark10.venom;
				PRODUCT_NAME = "$(TARGET_NAME)";
				SDKROOT = auto;
				SUPPORTED_PLATFORMS = "iphonesimulator iphoneos";
				SWIFT_EMIT_LOC_STRINGS = YES;
				SWIFT_VERSION = 5.0;
				TARGETED_DEVICE_FAMILY = "1,2";
			};
			name = Debug;
		};
		80E4C69A2BA732B800C17AC9 /* Release */ = {
			isa = XCBuildConfiguration;
			buildSettings = {
				ASSETCATALOG_COMPILER_APPICON_NAME = AppIcon;
				ASSETCATALOG_COMPILER_GLOBAL_ACCENT_COLOR_NAME = AccentColor;
				CODE_SIGN_ENTITLEMENTS = venom/venom.entitlements;
				"CODE_SIGN_IDENTITY[sdk=macosx*]" = "-";
				CODE_SIGN_STYLE = Automatic;
				CURRENT_PROJECT_VERSION = 1;
				DEAD_CODE_STRIPPING = YES;
				DEVELOPMENT_ASSET_PATHS = "\"venom/Preview Content\"";
				DEVELOPMENT_TEAM = 77M8WSAQJZ;
				ENABLE_PREVIEWS = YES;
				GENERATE_INFOPLIST_FILE = YES;
				INFOPLIST_FILE = venom/Info.plist;
				"INFOPLIST_KEY_UIApplicationSceneManifest_Generation[sdk=iphoneos*]" = YES;
				"INFOPLIST_KEY_UIApplicationSceneManifest_Generation[sdk=iphonesimulator*]" = YES;
				"INFOPLIST_KEY_UIApplicationSupportsIndirectInputEvents[sdk=iphoneos*]" = YES;
				"INFOPLIST_KEY_UIApplicationSupportsIndirectInputEvents[sdk=iphonesimulator*]" = YES;
				"INFOPLIST_KEY_UILaunchScreen_Generation[sdk=iphoneos*]" = YES;
				"INFOPLIST_KEY_UILaunchScreen_Generation[sdk=iphonesimulator*]" = YES;
				"INFOPLIST_KEY_UIStatusBarStyle[sdk=iphoneos*]" = UIStatusBarStyleDefault;
				"INFOPLIST_KEY_UIStatusBarStyle[sdk=iphonesimulator*]" = UIStatusBarStyleDefault;
				INFOPLIST_KEY_UISupportedInterfaceOrientations_iPad = "UIInterfaceOrientationPortrait UIInterfaceOrientationPortraitUpsideDown UIInterfaceOrientationLandscapeLeft UIInterfaceOrientationLandscapeRight";
				INFOPLIST_KEY_UISupportedInterfaceOrientations_iPhone = UIInterfaceOrientationPortrait;
				IPHONEOS_DEPLOYMENT_TARGET = 17.4;
				LD_RUNPATH_SEARCH_PATHS = "@executable_path/Frameworks";
				MARKETING_VERSION = 1.0;
				PRODUCT_BUNDLE_IDENTIFIER = MStark10.venom;
				PRODUCT_NAME = "$(TARGET_NAME)";
				SDKROOT = auto;
				SUPPORTED_PLATFORMS = "iphonesimulator iphoneos";
				SWIFT_EMIT_LOC_STRINGS = YES;
				SWIFT_VERSION = 5.0;
				TARGETED_DEVICE_FAMILY = "1,2";
			};
			name = Release;
		};
		80E4C69C2BA732B800C17AC9 /* Debug */ = {
			isa = XCBuildConfiguration;
			buildSettings = {
				BUNDLE_LOADER = "$(TEST_HOST)";
				CODE_SIGN_STYLE = Automatic;
				CURRENT_PROJECT_VERSION = 1;
				DEAD_CODE_STRIPPING = YES;
				GENERATE_INFOPLIST_FILE = YES;
				IPHONEOS_DEPLOYMENT_TARGET = 17.4;
				MACOSX_DEPLOYMENT_TARGET = 14.4;
				MARKETING_VERSION = 1.0;
				PRODUCT_BUNDLE_IDENTIFIER = MStark10.venomTests;
				PRODUCT_NAME = "$(TARGET_NAME)";
				SDKROOT = auto;
				SUPPORTED_PLATFORMS = "iphoneos iphonesimulator macosx";
				SWIFT_EMIT_LOC_STRINGS = NO;
				SWIFT_VERSION = 5.0;
				TARGETED_DEVICE_FAMILY = "1,2";
				TEST_HOST = "$(BUILT_PRODUCTS_DIR)/venom.app/$(BUNDLE_EXECUTABLE_FOLDER_PATH)/venom";
			};
			name = Debug;
		};
		80E4C69D2BA732B800C17AC9 /* Release */ = {
			isa = XCBuildConfiguration;
			buildSettings = {
				BUNDLE_LOADER = "$(TEST_HOST)";
				CODE_SIGN_STYLE = Automatic;
				CURRENT_PROJECT_VERSION = 1;
				DEAD_CODE_STRIPPING = YES;
				GENERATE_INFOPLIST_FILE = YES;
				IPHONEOS_DEPLOYMENT_TARGET = 17.4;
				MACOSX_DEPLOYMENT_TARGET = 14.4;
				MARKETING_VERSION = 1.0;
				PRODUCT_BUNDLE_IDENTIFIER = MStark10.venomTests;
				PRODUCT_NAME = "$(TARGET_NAME)";
				SDKROOT = auto;
				SUPPORTED_PLATFORMS = "iphoneos iphonesimulator macosx";
				SWIFT_EMIT_LOC_STRINGS = NO;
				SWIFT_VERSION = 5.0;
				TARGETED_DEVICE_FAMILY = "1,2";
				TEST_HOST = "$(BUILT_PRODUCTS_DIR)/venom.app/$(BUNDLE_EXECUTABLE_FOLDER_PATH)/venom";
			};
			name = Release;
		};
		80E4C69F2BA732B800C17AC9 /* Debug */ = {
			isa = XCBuildConfiguration;
			buildSettings = {
				CODE_SIGN_STYLE = Automatic;
				CURRENT_PROJECT_VERSION = 1;
				DEAD_CODE_STRIPPING = YES;
				GENERATE_INFOPLIST_FILE = YES;
				IPHONEOS_DEPLOYMENT_TARGET = 17.4;
				MACOSX_DEPLOYMENT_TARGET = 14.4;
				MARKETING_VERSION = 1.0;
				PRODUCT_BUNDLE_IDENTIFIER = MStark10.venomUITests;
				PRODUCT_NAME = "$(TARGET_NAME)";
				SDKROOT = auto;
				SUPPORTED_PLATFORMS = "iphoneos iphonesimulator macosx";
				SWIFT_EMIT_LOC_STRINGS = NO;
				SWIFT_VERSION = 5.0;
				TARGETED_DEVICE_FAMILY = "1,2";
				TEST_TARGET_NAME = venom;
			};
			name = Debug;
		};
		80E4C6A02BA732B800C17AC9 /* Release */ = {
			isa = XCBuildConfiguration;
			buildSettings = {
				CODE_SIGN_STYLE = Automatic;
				CURRENT_PROJECT_VERSION = 1;
				DEAD_CODE_STRIPPING = YES;
				GENERATE_INFOPLIST_FILE = YES;
				IPHONEOS_DEPLOYMENT_TARGET = 17.4;
				MACOSX_DEPLOYMENT_TARGET = 14.4;
				MARKETING_VERSION = 1.0;
				PRODUCT_BUNDLE_IDENTIFIER = MStark10.venomUITests;
				PRODUCT_NAME = "$(TARGET_NAME)";
				SDKROOT = auto;
				SUPPORTED_PLATFORMS = "iphoneos iphonesimulator macosx";
				SWIFT_EMIT_LOC_STRINGS = NO;
				SWIFT_VERSION = 5.0;
				TARGETED_DEVICE_FAMILY = "1,2";
				TEST_TARGET_NAME = venom;
			};
			name = Release;
		};
/* End XCBuildConfiguration section */

/* Begin XCConfigurationList section */
		80E4C66E2BA732B700C17AC9 /* Build configuration list for PBXProject "venom" */ = {
			isa = XCConfigurationList;
			buildConfigurations = (
				80E4C6962BA732B800C17AC9 /* Debug */,
				80E4C6972BA732B800C17AC9 /* Release */,
			);
			defaultConfigurationIsVisible = 0;
			defaultConfigurationName = Release;
		};
		80E4C6982BA732B800C17AC9 /* Build configuration list for PBXNativeTarget "venom" */ = {
			isa = XCConfigurationList;
			buildConfigurations = (
				80E4C6992BA732B800C17AC9 /* Debug */,
				80E4C69A2BA732B800C17AC9 /* Release */,
			);
			defaultConfigurationIsVisible = 0;
			defaultConfigurationName = Release;
		};
		80E4C69B2BA732B800C17AC9 /* Build configuration list for PBXNativeTarget "venomTests" */ = {
			isa = XCConfigurationList;
			buildConfigurations = (
				80E4C69C2BA732B800C17AC9 /* Debug */,
				80E4C69D2BA732B800C17AC9 /* Release */,
			);
			defaultConfigurationIsVisible = 0;
			defaultConfigurationName = Release;
		};
		80E4C69E2BA732B800C17AC9 /* Build configuration list for PBXNativeTarget "venomUITests" */ = {
			isa = XCConfigurationList;
			buildConfigurations = (
				80E4C69F2BA732B800C17AC9 /* Debug */,
				80E4C6A02BA732B800C17AC9 /* Release */,
			);
			defaultConfigurationIsVisible = 0;
			defaultConfigurationName = Release;
		};
/* End XCConfigurationList section */
	};
	rootObject = 80E4C66B2BA732B700C17AC9 /* Project object */;
}
